
Microsoft Visual Studio Solution File, Format Version 12.00
# Visual Studio Version 17
VisualStudioVersion = 17.0.32112.339
MinimumVisualStudioVersion = 10.0.40219.1
Project("{2150E333-8FDC-42A3-9474-1A3956D46DE8}") = "UserApps", "UserApps", "{18230996-DA39-432F-99A8-80C619C504DB}"
EndProject
Project("{2150E333-8FDC-42A3-9474-1A3956D46DE8}") = "Services", "Services", "{100A39CA-F4CF-4538-A63E-7B1A987F7FE8}"
EndProject
Project("{2150E333-8FDC-42A3-9474-1A3956D46DE8}") = "Shared", "Shared", "{E18764DE-55EE-4496-ACED-63667B58A0C6}"
EndProject
Project("{9A19103F-16F7-4668-BE54-9A1E7A4F7556}") = "GismeteoService", "Services\GismeteoService\GismeteoService.csproj", "{0499FECB-E07F-4294-824A-48FB562DC0C0}"
EndProject
Project("{9A19103F-16F7-4668-BE54-9A1E7A4F7556}") = "GismeteoTest.Database", "Shared\GismeteoTest.Database\GismeteoTest.Database.csproj", "{A55AC57F-5EA6-4550-9DCE-7B6EA785122E}"
EndProject
Project("{9A19103F-16F7-4668-BE54-9A1E7A4F7556}") = "GismeteoTest.Shared", "Shared\GismeteoTest.Shared\GismeteoTest.Shared.csproj", "{17A8FCA0-296E-4C91-8A65-50653B88627B}"
EndProject
Project("{9A19103F-16F7-4668-BE54-9A1E7A4F7556}") = "GismeteoTest", "Console\GismeteoTest.csproj", "{248735CC-E2D1-4F0F-A966-F5829E8F0CCB}"
EndProject
Project("{9A19103F-16F7-4668-BE54-9A1E7A4F7556}") = "GismeteoWinForms", "UserApps\GismeteoWinForms\GismeteoWinForms.csproj", "{B531852A-85D1-4943-8700-6621C85024EE}"
EndProject
Project("{9A19103F-16F7-4668-BE54-9A1E7A4F7556}") = "GismeteoTestBlazor", "UserApps\GismeteoTestBlazor\GismeteoTestBlazor.csproj", "{F7BBD4B6-C84E-47F1-83E1-74EB39B991C0}"
EndProject
Global
	GlobalSection(SolutionConfigurationPlatforms) = preSolution
		Debug|Any CPU = Debug|Any CPU
		Release|Any CPU = Release|Any CPU
	EndGlobalSection
	GlobalSection(ProjectConfigurationPlatforms) = postSolution
		{0499FECB-E07F-4294-824A-48FB562DC0C0}.Debug|Any CPU.ActiveCfg = Debug|Any CPU
		{0499FECB-E07F-4294-824A-48FB562DC0C0}.Debug|Any CPU.Build.0 = Debug|Any CPU
		{0499FECB-E07F-4294-824A-48FB562DC0C0}.Release|Any CPU.ActiveCfg = Release|Any CPU
		{0499FECB-E07F-4294-824A-48FB562DC0C0}.Release|Any CPU.Build.0 = Release|Any CPU
		{A55AC57F-5EA6-4550-9DCE-7B6EA785122E}.Debug|Any CPU.ActiveCfg = Debug|Any CPU
		{A55AC57F-5EA6-4550-9DCE-7B6EA785122E}.Debug|Any CPU.Build.0 = Debug|Any CPU
		{A55AC57F-5EA6-4550-9DCE-7B6EA785122E}.Release|Any CPU.ActiveCfg = Release|Any CPU
		{A55AC57F-5EA6-4550-9DCE-7B6EA785122E}.Release|Any CPU.Build.0 = Release|Any CPU
		{17A8FCA0-296E-4C91-8A65-50653B88627B}.Debug|Any CPU.ActiveCfg = Debug|Any CPU
		{17A8FCA0-296E-4C91-8A65-50653B88627B}.Debug|Any CPU.Build.0 = Debug|Any CPU
		{17A8FCA0-296E-4C91-8A65-50653B88627B}.Release|Any CPU.ActiveCfg = Release|Any CPU
		{17A8FCA0-296E-4C91-8A65-50653B88627B}.Release|Any CPU.Build.0 = Release|Any CPU
		{248735CC-E2D1-4F0F-A966-F5829E8F0CCB}.Debug|Any CPU.ActiveCfg = Debug|Any CPU
		{248735CC-E2D1-4F0F-A966-F5829E8F0CCB}.Debug|Any CPU.Build.0 = Debug|Any CPU
		{248735CC-E2D1-4F0F-A966-F5829E8F0CCB}.Release|Any CPU.ActiveCfg = Release|Any CPU
		{248735CC-E2D1-4F0F-A966-F5829E8F0CCB}.Release|Any CPU.Build.0 = Release|Any CPU
		{B531852A-85D1-4943-8700-6621C85024EE}.Debug|Any CPU.ActiveCfg = Debug|Any CPU
		{B531852A-85D1-4943-8700-6621C85024EE}.Debug|Any CPU.Build.0 = Debug|Any CPU
		{B531852A-85D1-4943-8700-6621C85024EE}.Release|Any CPU.ActiveCfg = Release|Any CPU
		{B531852A-85D1-4943-8700-6621C85024EE}.Release|Any CPU.Build.0 = Release|Any CPU
		{F7BBD4B6-C84E-47F1-83E1-74EB39B991C0}.Debug|Any CPU.ActiveCfg = Debug|Any CPU
		{F7BBD4B6-C84E-47F1-83E1-74EB39B991C0}.Debug|Any CPU.Build.0 = Debug|Any CPU
		{F7BBD4B6-C84E-47F1-83E1-74EB39B991C0}.Release|Any CPU.ActiveCfg = Release|Any CPU
		{F7BBD4B6-C84E-47F1-83E1-74EB39B991C0}.Release|Any CPU.Build.0 = Release|Any CPU
	EndGlobalSection
	GlobalSection(SolutionProperties) = preSolution
		HideSolutionNode = FALSE
	EndGlobalSection
	GlobalSection(NestedProjects) = preSolution
		{0499FECB-E07F-4294-824A-48FB562DC0C0} = {100A39CA-F4CF-4538-A63E-7B1A987F7FE8}
		{A55AC57F-5EA6-4550-9DCE-7B6EA785122E} = {E18764DE-55EE-4496-ACED-63667B58A0C6}
		{17A8FCA0-296E-4C91-8A65-50653B88627B} = {E18764DE-55EE-4496-ACED-63667B58A0C6}
		{B531852A-85D1-4943-8700-6621C85024EE} = {18230996-DA39-432F-99A8-80C619C504DB}
		{F7BBD4B6-C84E-47F1-83E1-74EB39B991C0} = {18230996-DA39-432F-99A8-80C619C504DB}
	EndGlobalSection
	GlobalSection(ExtensibilityGlobals) = postSolution
		SolutionGuid = {57E9ABD6-7068-4A3A-B895-712C63AFD5FF}
	EndGlobalSection
EndGlobal
